
Microsoft Visual Studio Solution File, Format Version 12.00
# Visual Studio Version 17
VisualStudioVersion = 17.12.35514.174
MinimumVisualStudioVersion = 10.0.40219.1
Project("{2150E333-8FDC-42A3-9474-1A3956D46DE8}") = "src", "src", "{699481E9-2C85-4AA9-86B2-880A16D304DC}"
EndProject
Project("{2150E333-8FDC-42A3-9474-1A3956D46DE8}") = "test", "test", "{F9365962-E3AB-45F0-B8DB-5889640DAA43}"
EndProject
Project("{2150E333-8FDC-42A3-9474-1A3956D46DE8}") = "API", "API", "{848E7F4B-9737-4D9A-9CEF-580AC298F248}"
EndProject
Project("{2150E333-8FDC-42A3-9474-1A3956D46DE8}") = "Core", "Core", "{344DC3E8-BDEC-4A80-935D-B9B508ABCADE}"
EndProject
Project("{2150E333-8FDC-42A3-9474-1A3956D46DE8}") = "Infrastrucutre", "Infrastrucutre", "{517196FF-F31F-4FFC-B6E4-0EF15BC05299}"
EndProject
Project("{FAE04EC0-301F-11D3-BF4B-00C04F79EFBC}") = "GloboTicket.TicketManagement.Domain", "GloboTicket.TicketManagement.Domain\GloboTicket.TicketManagement.Domain.csproj", "{E307F432-2602-46FD-BC85-CB2C99F2520A}"
EndProject
Project("{FAE04EC0-301F-11D3-BF4B-00C04F79EFBC}") = "GloboTicket.TicketManagement.Application", "GloboTicket.TicketManagement.Application\GloboTicket.TicketManagement.Application.csproj", "{E5AF3F5E-AA3C-423B-96CF-17BB544817B5}"
EndProject
Project("{FAE04EC0-301F-11D3-BF4B-00C04F79EFBC}") = "GloboTicket.TicketManagment.Persistence", "GloboTicket.TicketManagment.Persistence\GloboTicket.TicketManagment.Persistence.csproj", "{7A1ADC3F-53B7-4895-93CC-FC4E235AC1CB}"
EndProject
Project("{FAE04EC0-301F-11D3-BF4B-00C04F79EFBC}") = "GloboTicket.TicketManagement.Infrastructure", "GloboTicket.TicketManagement.Infrastructure\GloboTicket.TicketManagement.Infrastructure.csproj", "{3EFF989B-6F77-4AF6-9C9A-E6FE7442BC87}"
EndProject
Project("{FAE04EC0-301F-11D3-BF4B-00C04F79EFBC}") = "GloboTicket.TicketManagement.Api", "GloboTicket.TicketManagement.Api\GloboTicket.TicketManagement.Api.csproj", "{398E85FA-31D7-4283-B4CF-3E19EC7655C8}"
EndProject
Project("{FAE04EC0-301F-11D3-BF4B-00C04F79EFBC}") = "GloboTicket.TicketManagement.Application.UnitTests", "GloboTicket.TicketManagement.Application.UnitTests\GloboTicket.TicketManagement.Application.UnitTests.csproj", "{6237680C-EFEA-4D09-9DDE-D5C29F16F07A}"
EndProject
Project("{FAE04EC0-301F-11D3-BF4B-00C04F79EFBC}") = "GloboTicket.TicketManagement.Persistance.IntegrationTests", "GloboTicket.TicketManagement.Persistance.IntegrationTests\GloboTicket.TicketManagement.Persistance.IntegrationTests.csproj", "{B7C5AA99-11C4-478C-935A-84086163F9EC}"
EndProject
Project("{FAE04EC0-301F-11D3-BF4B-00C04F79EFBC}") = "GloboTicket.TicketManagement.API.IntegrationTests", "GloboTicket.TicketManagement.API.IntegrationTests\GloboTicket.TicketManagement.API.IntegrationTests.csproj", "{42B33532-BC86-41C1-AA1D-4698B0C744CE}"
EndProject
Global
	GlobalSection(SolutionConfigurationPlatforms) = preSolution
		Debug|Any CPU = Debug|Any CPU
		Release|Any CPU = Release|Any CPU
	EndGlobalSection
	GlobalSection(ProjectConfigurationPlatforms) = postSolution
		{E307F432-2602-46FD-BC85-CB2C99F2520A}.Debug|Any CPU.ActiveCfg = Debug|Any CPU
		{E307F432-2602-46FD-BC85-CB2C99F2520A}.Debug|Any CPU.Build.0 = Debug|Any CPU
		{E307F432-2602-46FD-BC85-CB2C99F2520A}.Release|Any CPU.ActiveCfg = Release|Any CPU
		{E307F432-2602-46FD-BC85-CB2C99F2520A}.Release|Any CPU.Build.0 = Release|Any CPU
		{E5AF3F5E-AA3C-423B-96CF-17BB544817B5}.Debug|Any CPU.ActiveCfg = Debug|Any CPU
		{E5AF3F5E-AA3C-423B-96CF-17BB544817B5}.Debug|Any CPU.Build.0 = Debug|Any CPU
		{E5AF3F5E-AA3C-423B-96CF-17BB544817B5}.Release|Any CPU.ActiveCfg = Release|Any CPU
		{E5AF3F5E-AA3C-423B-96CF-17BB544817B5}.Release|Any CPU.Build.0 = Release|Any CPU
		{7A1ADC3F-53B7-4895-93CC-FC4E235AC1CB}.Debug|Any CPU.ActiveCfg = Debug|Any CPU
		{7A1ADC3F-53B7-4895-93CC-FC4E235AC1CB}.Debug|Any CPU.Build.0 = Debug|Any CPU
		{7A1ADC3F-53B7-4895-93CC-FC4E235AC1CB}.Release|Any CPU.ActiveCfg = Release|Any CPU
		{7A1ADC3F-53B7-4895-93CC-FC4E235AC1CB}.Release|Any CPU.Build.0 = Release|Any CPU
		{3EFF989B-6F77-4AF6-9C9A-E6FE7442BC87}.Debug|Any CPU.ActiveCfg = Debug|Any CPU
		{3EFF989B-6F77-4AF6-9C9A-E6FE7442BC87}.Debug|Any CPU.Build.0 = Debug|Any CPU
		{3EFF989B-6F77-4AF6-9C9A-E6FE7442BC87}.Release|Any CPU.ActiveCfg = Release|Any CPU
		{3EFF989B-6F77-4AF6-9C9A-E6FE7442BC87}.Release|Any CPU.Build.0 = Release|Any CPU
		{398E85FA-31D7-4283-B4CF-3E19EC7655C8}.Debug|Any CPU.ActiveCfg = Debug|Any CPU
		{398E85FA-31D7-4283-B4CF-3E19EC7655C8}.Debug|Any CPU.Build.0 = Debug|Any CPU
		{398E85FA-31D7-4283-B4CF-3E19EC7655C8}.Release|Any CPU.ActiveCfg = Release|Any CPU
		{398E85FA-31D7-4283-B4CF-3E19EC7655C8}.Release|Any CPU.Build.0 = Release|Any CPU
		{6237680C-EFEA-4D09-9DDE-D5C29F16F07A}.Debug|Any CPU.ActiveCfg = Debug|Any CPU
		{6237680C-EFEA-4D09-9DDE-D5C29F16F07A}.Debug|Any CPU.Build.0 = Debug|Any CPU
		{6237680C-EFEA-4D09-9DDE-D5C29F16F07A}.Release|Any CPU.ActiveCfg = Release|Any CPU
		{6237680C-EFEA-4D09-9DDE-D5C29F16F07A}.Release|Any CPU.Build.0 = Release|Any CPU
		{B7C5AA99-11C4-478C-935A-84086163F9EC}.Debug|Any CPU.ActiveCfg = Debug|Any CPU
		{B7C5AA99-11C4-478C-935A-84086163F9EC}.Debug|Any CPU.Build.0 = Debug|Any CPU
		{B7C5AA99-11C4-478C-935A-84086163F9EC}.Release|Any CPU.ActiveCfg = Release|Any CPU
		{B7C5AA99-11C4-478C-935A-84086163F9EC}.Release|Any CPU.Build.0 = Release|Any CPU
		{42B33532-BC86-41C1-AA1D-4698B0C744CE}.Debug|Any CPU.ActiveCfg = Debug|Any CPU
		{42B33532-BC86-41C1-AA1D-4698B0C744CE}.Debug|Any CPU.Build.0 = Debug|Any CPU
		{42B33532-BC86-41C1-AA1D-4698B0C744CE}.Release|Any CPU.ActiveCfg = Release|Any CPU
		{42B33532-BC86-41C1-AA1D-4698B0C744CE}.Release|Any CPU.Build.0 = Release|Any CPU
	EndGlobalSection
	GlobalSection(SolutionProperties) = preSolution
		HideSolutionNode = FALSE
	EndGlobalSection
	GlobalSection(NestedProjects) = preSolution
		{848E7F4B-9737-4D9A-9CEF-580AC298F248} = {699481E9-2C85-4AA9-86B2-880A16D304DC}
		{344DC3E8-BDEC-4A80-935D-B9B508ABCADE} = {699481E9-2C85-4AA9-86B2-880A16D304DC}
		{517196FF-F31F-4FFC-B6E4-0EF15BC05299} = {699481E9-2C85-4AA9-86B2-880A16D304DC}
		{E307F432-2602-46FD-BC85-CB2C99F2520A} = {344DC3E8-BDEC-4A80-935D-B9B508ABCADE}
		{E5AF3F5E-AA3C-423B-96CF-17BB544817B5} = {344DC3E8-BDEC-4A80-935D-B9B508ABCADE}
		{7A1ADC3F-53B7-4895-93CC-FC4E235AC1CB} = {517196FF-F31F-4FFC-B6E4-0EF15BC05299}
		{3EFF989B-6F77-4AF6-9C9A-E6FE7442BC87} = {517196FF-F31F-4FFC-B6E4-0EF15BC05299}
		{398E85FA-31D7-4283-B4CF-3E19EC7655C8} = {848E7F4B-9737-4D9A-9CEF-580AC298F248}
		{6237680C-EFEA-4D09-9DDE-D5C29F16F07A} = {F9365962-E3AB-45F0-B8DB-5889640DAA43}
		{B7C5AA99-11C4-478C-935A-84086163F9EC} = {F9365962-E3AB-45F0-B8DB-5889640DAA43}
		{42B33532-BC86-41C1-AA1D-4698B0C744CE} = {F9365962-E3AB-45F0-B8DB-5889640DAA43}
	EndGlobalSection
EndGlobal
